// !$*UTF8*$!
{
	archiveVersion = 1;
	classes = {
	};
	objectVersion = 56;
	objects = {

/* Begin PBXBuildFile section */
		6CDDE42B29AFB11500901EAF /* Roboto-Medium.ttf in Resources */ = {isa = PBXBuildFile; fileRef = 6CDDE41E29AFB11500901EAF /* Roboto-Medium.ttf */; };
		6CDDE42C29AFB11500901EAF /* Roboto-Light.ttf in Resources */ = {isa = PBXBuildFile; fileRef = 6CDDE41F29AFB11500901EAF /* Roboto-Light.ttf */; };
		6CDDE42D29AFB11500901EAF /* Roboto-Regular.ttf in Resources */ = {isa = PBXBuildFile; fileRef = 6CDDE42029AFB11500901EAF /* Roboto-Regular.ttf */; };
		6CDDE42E29AFB11500901EAF /* Roboto-MediumItalic.ttf in Resources */ = {isa = PBXBuildFile; fileRef = 6CDDE42129AFB11500901EAF /* Roboto-MediumItalic.ttf */; };
		6CDDE42F29AFB11500901EAF /* Roboto-ThinItalic.ttf in Resources */ = {isa = PBXBuildFile; fileRef = 6CDDE42229AFB11500901EAF /* Roboto-ThinItalic.ttf */; };
		6CDDE43029AFB11500901EAF /* Roboto-BoldItalic.ttf in Resources */ = {isa = PBXBuildFile; fileRef = 6CDDE42329AFB11500901EAF /* Roboto-BoldItalic.ttf */; };
		6CDDE43129AFB11500901EAF /* Roboto-LightItalic.ttf in Resources */ = {isa = PBXBuildFile; fileRef = 6CDDE42429AFB11500901EAF /* Roboto-LightItalic.ttf */; };
		6CDDE43229AFB11500901EAF /* Roboto-Italic.ttf in Resources */ = {isa = PBXBuildFile; fileRef = 6CDDE42529AFB11500901EAF /* Roboto-Italic.ttf */; };
		6CDDE43329AFB11500901EAF /* LICENSE.txt in Resources */ = {isa = PBXBuildFile; fileRef = 6CDDE42629AFB11500901EAF /* LICENSE.txt */; };
		6CDDE43429AFB11500901EAF /* Roboto-BlackItalic.ttf in Resources */ = {isa = PBXBuildFile; fileRef = 6CDDE42729AFB11500901EAF /* Roboto-BlackItalic.ttf */; };
		6CDDE43529AFB11500901EAF /* Roboto-Bold.ttf in Resources */ = {isa = PBXBuildFile; fileRef = 6CDDE42829AFB11500901EAF /* Roboto-Bold.ttf */; };
		6CDDE43629AFB11500901EAF /* Roboto-Thin.ttf in Resources */ = {isa = PBXBuildFile; fileRef = 6CDDE42929AFB11500901EAF /* Roboto-Thin.ttf */; };
		6CDDE43729AFB11500901EAF /* Roboto-Black.ttf in Resources */ = {isa = PBXBuildFile; fileRef = 6CDDE42A29AFB11500901EAF /* Roboto-Black.ttf */; };
		6CF6654D29AF7D3600B6DFB3 /* AppDelegate.swift in Sources */ = {isa = PBXBuildFile; fileRef = 6CF6654C29AF7D3600B6DFB3 /* AppDelegate.swift */; };
		6CF6654F29AF7D3600B6DFB3 /* SceneDelegate.swift in Sources */ = {isa = PBXBuildFile; fileRef = 6CF6654E29AF7D3600B6DFB3 /* SceneDelegate.swift */; };
		6CF6655629AF7D3A00B6DFB3 /* Assets.xcassets in Resources */ = {isa = PBXBuildFile; fileRef = 6CF6655529AF7D3A00B6DFB3 /* Assets.xcassets */; };
		6CF6655929AF7D3A00B6DFB3 /* LaunchScreen.storyboard in Resources */ = {isa = PBXBuildFile; fileRef = 6CF6655729AF7D3A00B6DFB3 /* LaunchScreen.storyboard */; };
		6CF6656329AF7DE800B6DFB3 /* ImageVC.swift in Sources */ = {isa = PBXBuildFile; fileRef = 6CF6656029AF7DE700B6DFB3 /* ImageVC.swift */; };
		6CF6656429AF7DE800B6DFB3 /* MainVC.swift in Sources */ = {isa = PBXBuildFile; fileRef = 6CF6656129AF7DE800B6DFB3 /* MainVC.swift */; };
		6CF6656529AF7DE800B6DFB3 /* PageVC.swift in Sources */ = {isa = PBXBuildFile; fileRef = 6CF6656229AF7DE800B6DFB3 /* PageVC.swift */; };
/* End PBXBuildFile section */

/* Begin PBXFileReference section */
		6CDDE41E29AFB11500901EAF /* Roboto-Medium.ttf */ = {isa = PBXFileReference; lastKnownFileType = file; path = "Roboto-Medium.ttf"; sourceTree = "<group>"; };
		6CDDE41F29AFB11500901EAF /* Roboto-Light.ttf */ = {isa = PBXFileReference; lastKnownFileType = file; path = "Roboto-Light.ttf"; sourceTree = "<group>"; };
		6CDDE42029AFB11500901EAF /* Roboto-Regular.ttf */ = {isa = PBXFileReference; lastKnownFileType = file; path = "Roboto-Regular.ttf"; sourceTree = "<group>"; };
		6CDDE42129AFB11500901EAF /* Roboto-MediumItalic.ttf */ = {isa = PBXFileReference; lastKnownFileType = file; path = "Roboto-MediumItalic.ttf"; sourceTree = "<group>"; };
		6CDDE42229AFB11500901EAF /* Roboto-ThinItalic.ttf */ = {isa = PBXFileReference; lastKnownFileType = file; path = "Roboto-ThinItalic.ttf"; sourceTree = "<group>"; };
		6CDDE42329AFB11500901EAF /* Roboto-BoldItalic.ttf */ = {isa = PBXFileReference; lastKnownFileType = file; path = "Roboto-BoldItalic.ttf"; sourceTree = "<group>"; };
		6CDDE42429AFB11500901EAF /* Roboto-LightItalic.ttf */ = {isa = PBXFileReference; lastKnownFileType = file; path = "Roboto-LightItalic.ttf"; sourceTree = "<group>"; };
		6CDDE42529AFB11500901EAF /* Roboto-Italic.ttf */ = {isa = PBXFileReference; lastKnownFileType = file; path = "Roboto-Italic.ttf"; sourceTree = "<group>"; };
		6CDDE42629AFB11500901EAF /* LICENSE.txt */ = {isa = PBXFileReference; fileEncoding = 4; lastKnownFileType = text; path = LICENSE.txt; sourceTree = "<group>"; };
		6CDDE42729AFB11500901EAF /* Roboto-BlackItalic.ttf */ = {isa = PBXFileReference; lastKnownFileType = file; path = "Roboto-BlackItalic.ttf"; sourceTree = "<group>"; };
		6CDDE42829AFB11500901EAF /* Roboto-Bold.ttf */ = {isa = PBXFileReference; lastKnownFileType = file; path = "Roboto-Bold.ttf"; sourceTree = "<group>"; };
		6CDDE42929AFB11500901EAF /* Roboto-Thin.ttf */ = {isa = PBXFileReference; lastKnownFileType = file; path = "Roboto-Thin.ttf"; sourceTree = "<group>"; };
		6CDDE42A29AFB11500901EAF /* Roboto-Black.ttf */ = {isa = PBXFileReference; lastKnownFileType = file; path = "Roboto-Black.ttf"; sourceTree = "<group>"; };
		6CF6654929AF7D3600B6DFB3 /* GalleryTest.app */ = {isa = PBXFileReference; explicitFileType = wrapper.application; includeInIndex = 0; path = GalleryTest.app; sourceTree = BUILT_PRODUCTS_DIR; };
		6CF6654C29AF7D3600B6DFB3 /* AppDelegate.swift */ = {isa = PBXFileReference; lastKnownFileType = sourcecode.swift; path = AppDelegate.swift; sourceTree = "<group>"; };
		6CF6654E29AF7D3600B6DFB3 /* SceneDelegate.swift */ = {isa = PBXFileReference; lastKnownFileType = sourcecode.swift; path = SceneDelegate.swift; sourceTree = "<group>"; };
		6CF6655529AF7D3A00B6DFB3 /* Assets.xcassets */ = {isa = PBXFileReference; lastKnownFileType = folder.assetcatalog; path = Assets.xcassets; sourceTree = "<group>"; };
		6CF6655829AF7D3A00B6DFB3 /* Base */ = {isa = PBXFileReference; lastKnownFileType = file.storyboard; name = Base; path = Base.lproj/LaunchScreen.storyboard; sourceTree = "<group>"; };
		6CF6655A29AF7D3A00B6DFB3 /* Info.plist */ = {isa = PBXFileReference; lastKnownFileType = text.plist.xml; path = Info.plist; sourceTree = "<group>"; };
		6CF6656029AF7DE700B6DFB3 /* ImageVC.swift */ = {isa = PBXFileReference; fileEncoding = 4; lastKnownFileType = sourcecode.swift; path = ImageVC.swift; sourceTree = "<group>"; };
		6CF6656129AF7DE800B6DFB3 /* MainVC.swift */ = {isa = PBXFileReference; fileEncoding = 4; lastKnownFileType = sourcecode.swift; path = MainVC.swift; sourceTree = "<group>"; };
		6CF6656229AF7DE800B6DFB3 /* PageVC.swift */ = {isa = PBXFileReference; fileEncoding = 4; lastKnownFileType = sourcecode.swift; path = PageVC.swift; sourceTree = "<group>"; };
/* End PBXFileReference section */

/* Begin PBXFrameworksBuildPhase section */
		6CF6654629AF7D3600B6DFB3 /* Frameworks */ = {
			isa = PBXFrameworksBuildPhase;
			buildActionMask = 2147483647;
			files = (
			);
			runOnlyForDeploymentPostprocessing = 0;
		};
/* End PBXFrameworksBuildPhase section */

/* Begin PBXGroup section */
		6CDDE41D29AFB11500901EAF /* Roboto */ = {
			isa = PBXGroup;
			children = (
				6CDDE41E29AFB11500901EAF /* Roboto-Medium.ttf */,
				6CDDE41F29AFB11500901EAF /* Roboto-Light.ttf */,
				6CDDE42029AFB11500901EAF /* Roboto-Regular.ttf */,
				6CDDE42129AFB11500901EAF /* Roboto-MediumItalic.ttf */,
				6CDDE42229AFB11500901EAF /* Roboto-ThinItalic.ttf */,
				6CDDE42329AFB11500901EAF /* Roboto-BoldItalic.ttf */,
				6CDDE42429AFB11500901EAF /* Roboto-LightItalic.ttf */,
				6CDDE42529AFB11500901EAF /* Roboto-Italic.ttf */,
				6CDDE42629AFB11500901EAF /* LICENSE.txt */,
				6CDDE42729AFB11500901EAF /* Roboto-BlackItalic.ttf */,
				6CDDE42829AFB11500901EAF /* Roboto-Bold.ttf */,
				6CDDE42929AFB11500901EAF /* Roboto-Thin.ttf */,
				6CDDE42A29AFB11500901EAF /* Roboto-Black.ttf */,
			);
			path = Roboto;
			sourceTree = "<group>";
		};
		6CF6654029AF7D3600B6DFB3 = {
			isa = PBXGroup;
			children = (
				6CF6654B29AF7D3600B6DFB3 /* GalleryTest */,
				6CF6654A29AF7D3600B6DFB3 /* Products */,
			);
			sourceTree = "<group>";
		};
		6CF6654A29AF7D3600B6DFB3 /* Products */ = {
			isa = PBXGroup;
			children = (
				6CF6654929AF7D3600B6DFB3 /* GalleryTest.app */,
			);
			name = Products;
			sourceTree = "<group>";
		};
		6CF6654B29AF7D3600B6DFB3 /* GalleryTest */ = {
			isa = PBXGroup;
			children = (
				6CDDE41D29AFB11500901EAF /* Roboto */,
				6CF6656129AF7DE800B6DFB3 /* MainVC.swift */,
				6CF6656229AF7DE800B6DFB3 /* PageVC.swift */,
				6CF6656029AF7DE700B6DFB3 /* ImageVC.swift */,
				6CF6654C29AF7D3600B6DFB3 /* AppDelegate.swift */,
				6CF6654E29AF7D3600B6DFB3 /* SceneDelegate.swift */,
				6CF6655529AF7D3A00B6DFB3 /* Assets.xcassets */,
				6CF6655729AF7D3A00B6DFB3 /* LaunchScreen.storyboard */,
				6CF6655A29AF7D3A00B6DFB3 /* Info.plist */,
			);
			path = GalleryTest;
			sourceTree = "<group>";
		};
/* End PBXGroup section */

/* Begin PBXNativeTarget section */
		6CF6654829AF7D3600B6DFB3 /* GalleryTest */ = {
			isa = PBXNativeTarget;
			buildConfigurationList = 6CF6655D29AF7D3A00B6DFB3 /* Build configuration list for PBXNativeTarget "GalleryTest" */;
			buildPhases = (
				6CF6654529AF7D3600B6DFB3 /* Sources */,
				6CF6654629AF7D3600B6DFB3 /* Frameworks */,
				6CF6654729AF7D3600B6DFB3 /* Resources */,
			);
			buildRules = (
			);
			dependencies = (
			);
			name = GalleryTest;
			productName = GalleryTest;
			productReference = 6CF6654929AF7D3600B6DFB3 /* GalleryTest.app */;
			productType = "com.apple.product-type.application";
		};
/* End PBXNativeTarget section */

/* Begin PBXProject section */
		6CF6654129AF7D3600B6DFB3 /* Project object */ = {
			isa = PBXProject;
			attributes = {
				BuildIndependentTargetsInParallel = 1;
				LastSwiftUpdateCheck = 1410;
				LastUpgradeCheck = 1410;
				TargetAttributes = {
					6CF6654829AF7D3600B6DFB3 = {
						CreatedOnToolsVersion = 14.1;
					};
				};
			};
			buildConfigurationList = 6CF6654429AF7D3600B6DFB3 /* Build configuration list for PBXProject "GalleryTest" */;
			compatibilityVersion = "Xcode 14.0";
			developmentRegion = en;
			hasScannedForEncodings = 0;
			knownRegions = (
				en,
				Base,
			);
			mainGroup = 6CF6654029AF7D3600B6DFB3;
			productRefGroup = 6CF6654A29AF7D3600B6DFB3 /* Products */;
			projectDirPath = "";
			projectRoot = "";
			targets = (
				6CF6654829AF7D3600B6DFB3 /* GalleryTest */,
			);
		};
/* End PBXProject section */

/* Begin PBXResourcesBuildPhase section */
		6CF6654729AF7D3600B6DFB3 /* Resources */ = {
			isa = PBXResourcesBuildPhase;
			buildActionMask = 2147483647;
			files = (
				6CDDE43629AFB11500901EAF /* Roboto-Thin.ttf in Resources */,
				6CDDE43329AFB11500901EAF /* LICENSE.txt in Resources */,
				6CDDE43729AFB11500901EAF /* Roboto-Black.ttf in Resources */,
				6CDDE43529AFB11500901EAF /* Roboto-Bold.ttf in Resources */,
				6CF6655929AF7D3A00B6DFB3 /* LaunchScreen.storyboard in Resources */,
				6CF6655629AF7D3A00B6DFB3 /* Assets.xcassets in Resources */,
				6CDDE43029AFB11500901EAF /* Roboto-BoldItalic.ttf in Resources */,
				6CDDE42D29AFB11500901EAF /* Roboto-Regular.ttf in Resources */,
				6CDDE42F29AFB11500901EAF /* Roboto-ThinItalic.ttf in Resources */,
				6CDDE43129AFB11500901EAF /* Roboto-LightItalic.ttf in Resources */,
				6CDDE43429AFB11500901EAF /* Roboto-BlackItalic.ttf in Resources */,
				6CDDE42C29AFB11500901EAF /* Roboto-Light.ttf in Resources */,
				6CDDE43229AFB11500901EAF /* Roboto-Italic.ttf in Resources */,
				6CDDE42E29AFB11500901EAF /* Roboto-MediumItalic.ttf in Resources */,
				6CDDE42B29AFB11500901EAF /* Roboto-Medium.ttf in Resources */,
			);
			runOnlyForDeploymentPostprocessing = 0;
		};
/* End PBXResourcesBuildPhase section */

/* Begin PBXSourcesBuildPhase section */
		6CF6654529AF7D3600B6DFB3 /* Sources */ = {
			isa = PBXSourcesBuildPhase;
			buildActionMask = 2147483647;
			files = (
				6CF6656329AF7DE800B6DFB3 /* ImageVC.swift in Sources */,
				6CF6656529AF7DE800B6DFB3 /* PageVC.swift in Sources */,
				6CF6656429AF7DE800B6DFB3 /* MainVC.swift in Sources */,
				6CF6654D29AF7D3600B6DFB3 /* AppDelegate.swift in Sources */,
				6CF6654F29AF7D3600B6DFB3 /* SceneDelegate.swift in Sources */,
			);
			runOnlyForDeploymentPostprocessing = 0;
		};
/* End PBXSourcesBuildPhase section */

/* Begin PBXVariantGroup section */
		6CF6655729AF7D3A00B6DFB3 /* LaunchScreen.storyboard */ = {
			isa = PBXVariantGroup;
			children = (
				6CF6655829AF7D3A00B6DFB3 /* Base */,
			);
			name = LaunchScreen.storyboard;
			sourceTree = "<group>";
		};
/* End PBXVariantGroup section */

/* Begin XCBuildConfiguration section */
		6CF6655B29AF7D3A00B6DFB3 /* Debug */ = {
			isa = XCBuildConfiguration;
			buildSettings = {
				ALWAYS_SEARCH_USER_PATHS = NO;
				CLANG_ANALYZER_NONNULL = YES;
				CLANG_ANALYZER_NUMBER_OBJECT_CONVERSION = YES_AGGRESSIVE;
				CLANG_CXX_LANGUAGE_STANDARD = "gnu++20";
				CLANG_ENABLE_MODULES = YES;
				CLANG_ENABLE_OBJC_ARC = YES;
				CLANG_ENABLE_OBJC_WEAK = YES;
				CLANG_WARN_BLOCK_CAPTURE_AUTORELEASING = YES;
				CLANG_WARN_BOOL_CONVERSION = YES;
				CLANG_WARN_COMMA = YES;
				CLANG_WARN_CONSTANT_CONVERSION = YES;
				CLANG_WARN_DEPRECATED_OBJC_IMPLEMENTATIONS = YES;
				CLANG_WARN_DIRECT_OBJC_ISA_USAGE = YES_ERROR;
				CLANG_WARN_DOCUMENTATION_COMMENTS = YES;
				CLANG_WARN_EMPTY_BODY = YES;
				CLANG_WARN_ENUM_CONVERSION = YES;
				CLANG_WARN_INFINITE_RECURSION = YES;
				CLANG_WARN_INT_CONVERSION = YES;
				CLANG_WARN_NON_LITERAL_NULL_CONVERSION = YES;
				CLANG_WARN_OBJC_IMPLICIT_RETAIN_SELF = YES;
				CLANG_WARN_OBJC_LITERAL_CONVERSION = YES;
				CLANG_WARN_OBJC_ROOT_CLASS = YES_ERROR;
				CLANG_WARN_QUOTED_INCLUDE_IN_FRAMEWORK_HEADER = YES;
				CLANG_WARN_RANGE_LOOP_ANALYSIS = YES;
				CLANG_WARN_STRICT_PROTOTYPES = YES;
				CLANG_WARN_SUSPICIOUS_MOVE = YES;
				CLANG_WARN_UNGUARDED_AVAILABILITY = YES_AGGRESSIVE;
				CLANG_WARN_UNREACHABLE_CODE = YES;
				CLANG_WARN__DUPLICATE_METHOD_MATCH = YES;
				COPY_PHASE_STRIP = NO;
				DEBUG_INFORMATION_FORMAT = dwarf;
				ENABLE_STRICT_OBJC_MSGSEND = YES;
				ENABLE_TESTABILITY = YES;
				GCC_C_LANGUAGE_STANDARD = gnu11;
				GCC_DYNAMIC_NO_PIC = NO;
				GCC_NO_COMMON_BLOCKS = YES;
				GCC_OPTIMIZATION_LEVEL = 0;
				GCC_PREPROCESSOR_DEFINITIONS = (
					"DEBUG=1",
					"$(inherited)",
				);
				GCC_WARN_64_TO_32_BIT_CONVERSION = YES;
				GCC_WARN_ABOUT_RETURN_TYPE = YES_ERROR;
				GCC_WARN_UNDECLARED_SELECTOR = YES;
				GCC_WARN_UNINITIALIZED_AUTOS = YES_AGGRESSIVE;
				GCC_WARN_UNUSED_FUNCTION = YES;
				GCC_WARN_UNUSED_VARIABLE = YES;
				IPHONEOS_DEPLOYMENT_TARGET = 16.1;
				MTL_ENABLE_DEBUG_INFO = INCLUDE_SOURCE;
				MTL_FAST_MATH = YES;
				ONLY_ACTIVE_ARCH = YES;
				SDKROOT = iphoneos;
				SWIFT_ACTIVE_COMPILATION_CONDITIONS = DEBUG;
				SWIFT_OPTIMIZATION_LEVEL = "-Onone";
			};
			name = Debug;
		};
		6CF6655C29AF7D3A00B6DFB3 /* Release */ = {
			isa = XCBuildConfiguration;
			buildSettings = {
				ALWAYS_SEARCH_USER_PATHS = NO;
				CLANG_ANALYZER_NONNULL = YES;
				CLANG_ANALYZER_NUMBER_OBJECT_CONVERSION = YES_AGGRESSIVE;
				CLANG_CXX_LANGUAGE_STANDARD = "gnu++20";
				CLANG_ENABLE_MODULES = YES;
				CLANG_ENABLE_OBJC_ARC = YES;
				CLANG_ENABLE_OBJC_WEAK = YES;
				CLANG_WARN_BLOCK_CAPTURE_AUTORELEASING = YES;
				CLANG_WARN_BOOL_CONVERSION = YES;
				CLANG_WARN_COMMA = YES;
				CLANG_WARN_CONSTANT_CONVERSION = YES;
				CLANG_WARN_DEPRECATED_OBJC_IMPLEMENTATIONS = YES;
				CLANG_WARN_DIRECT_OBJC_ISA_USAGE = YES_ERROR;
				CLANG_WARN_DOCUMENTATION_COMMENTS = YES;
				CLANG_WARN_EMPTY_BODY = YES;
				CLANG_WARN_ENUM_CONVERSION = YES;
				CLANG_WARN_INFINITE_RECURSION = YES;
				CLANG_WARN_INT_CONVERSION = YES;
				CLANG_WARN_NON_LITERAL_NULL_CONVERSION = YES;
				CLANG_WARN_OBJC_IMPLICIT_RETAIN_SELF = YES;
				CLANG_WARN_OBJC_LITERAL_CONVERSION = YES;
				CLANG_WARN_OBJC_ROOT_CLASS = YES_ERROR;
				CLANG_WARN_QUOTED_INCLUDE_IN_FRAMEWORK_HEADER = YES;
				CLANG_WARN_RANGE_LOOP_ANALYSIS = YES;
				CLANG_WARN_STRICT_PROTOTYPES = YES;
				CLANG_WARN_SUSPICIOUS_MOVE = YES;
				CLANG_WARN_UNGUARDED_AVAILABILITY = YES_AGGRESSIVE;
				CLANG_WARN_UNREACHABLE_CODE = YES;
				CLANG_WARN__DUPLICATE_METHOD_MATCH = YES;
				COPY_PHASE_STRIP = NO;
				DEBUG_INFORMATION_FORMAT = "dwarf-with-dsym";
				ENABLE_NS_ASSERTIONS = NO;
				ENABLE_STRICT_OBJC_MSGSEND = YES;
				GCC_C_LANGUAGE_STANDARD = gnu11;
				GCC_NO_COMMON_BLOCKS = YES;
				GCC_WARN_64_TO_32_BIT_CONVERSION = YES;
				GCC_WARN_ABOUT_RETURN_TYPE = YES_ERROR;
				GCC_WARN_UNDECLARED_SELECTOR = YES;
				GCC_WARN_UNINITIALIZED_AUTOS = YES_AGGRESSIVE;
				GCC_WARN_UNUSED_FUNCTION = YES;
				GCC_WARN_UNUSED_VARIABLE = YES;
				IPHONEOS_DEPLOYMENT_TARGET = 16.1;
				MTL_ENABLE_DEBUG_INFO = NO;
				MTL_FAST_MATH = YES;
				SDKROOT = iphoneos;
				SWIFT_COMPILATION_MODE = wholemodule;
				SWIFT_OPTIMIZATION_LEVEL = "-O";
				VALIDATE_PRODUCT = YES;
			};
			name = Release;
		};
		6CF6655E29AF7D3A00B6DFB3 /* Debug */ = {
			isa = XCBuildConfiguration;
			buildSettings = {
				ASSETCATALOG_COMPILER_APPICON_NAME = AppIcon;
				ASSETCATALOG_COMPILER_GLOBAL_ACCENT_COLOR_NAME = AccentColor;
				CODE_SIGN_STYLE = Automatic;
				CURRENT_PROJECT_VERSION = 1;
				GENERATE_INFOPLIST_FILE = YES;
				INFOPLIST_FILE = GalleryTest/Info.plist;
				INFOPLIST_KEY_LSApplicationCategoryType = "";
				INFOPLIST_KEY_UIApplicationSupportsIndirectInputEvents = YES;
				INFOPLIST_KEY_UILaunchStoryboardName = LaunchScreen;
				INFOPLIST_KEY_UISupportedInterfaceOrientations_iPad = "UIInterfaceOrientationPortrait UIInterfaceOrientationPortraitUpsideDown UIInterfaceOrientationLandscapeLeft UIInterfaceOrientationLandscapeRight";
				INFOPLIST_KEY_UISupportedInterfaceOrientations_iPhone = "UIInterfaceOrientationPortrait UIInterfaceOrientationLandscapeLeft UIInterfaceOrientationLandscapeRight";
				LD_RUNPATH_SEARCH_PATHS = (
					"$(inherited)",
					"@executable_path/Frameworks",
				);
				MARKETING_VERSION = 1.0;
				PRODUCT_BUNDLE_IDENTIFIER = com.my.company.GalleryTest;
				PRODUCT_NAME = "$(TARGET_NAME)";
				SWIFT_EMIT_LOC_STRINGS = YES;
				SWIFT_VERSION = 5.0;
				TARGETED_DEVICE_FAMILY = "1,2";
			};
			name = Debug;
		};
		6CF6655F29AF7D3A00B6DFB3 /* Release */ = {
			isa = XCBuildConfiguration;
			buildSettings = {
				ASSETCATALOG_COMPILER_APPICON_NAME = AppIcon;
				ASSETCATALOG_COMPILER_GLOBAL_ACCENT_COLOR_NAME = AccentColor;
				CODE_SIGN_STYLE = Automatic;
				CURRENT_PROJECT_VERSION = 1;
				GENERATE_INFOPLIST_FILE = YES;
				INFOPLIST_FILE = GalleryTest/Info.plist;
				INFOPLIST_KEY_LSApplicationCategoryType = "";
				INFOPLIST_KEY_UIApplicationSupportsIndirectInputEvents = YES;
				INFOPLIST_KEY_UILaunchStoryboardName = LaunchScreen;
				INFOPLIST_KEY_UISupportedInterfaceOrientations_iPad = "UIInterfaceOrientationPortrait UIInterfaceOrientationPortraitUpsideDown UIInterfaceOrientationLandscapeLeft UIInterfaceOrientationLandscapeRight";
				INFOPLIST_KEY_UISupportedInterfaceOrientations_iPhone = "UIInterfaceOrientationPortrait UIInterfaceOrientationLandscapeLeft UIInterfaceOrientationLandscapeRight";
				LD_RUNPATH_SEARCH_PATHS = (
					"$(inherited)",
					"@executable_path/Frameworks",
				);
				MARKETING_VERSION = 1.0;
				PRODUCT_BUNDLE_IDENTIFIER = com.my.company.GalleryTest;
				PRODUCT_NAME = "$(TARGET_NAME)";
				SWIFT_EMIT_LOC_STRINGS = YES;
				SWIFT_VERSION = 5.0;
				TARGETED_DEVICE_FAMILY = "1,2";
			};
			name = Release;
		};
/* End XCBuildConfiguration section */

/* Begin XCConfigurationList section */
		6CF6654429AF7D3600B6DFB3 /* Build configuration list for PBXProject "GalleryTest" */ = {
			isa = XCConfigurationList;
			buildConfigurations = (
				6CF6655B29AF7D3A00B6DFB3 /* Debug */,
				6CF6655C29AF7D3A00B6DFB3 /* Release */,
			);
			defaultConfigurationIsVisible = 0;
			defaultConfigurationName = Release;
		};
		6CF6655D29AF7D3A00B6DFB3 /* Build configuration list for PBXNativeTarget "GalleryTest" */ = {
			isa = XCConfigurationList;
			buildConfigurations = (
				6CF6655E29AF7D3A00B6DFB3 /* Debug */,
				6CF6655F29AF7D3A00B6DFB3 /* Release */,
			);
			defaultConfigurationIsVisible = 0;
			defaultConfigurationName = Release;
		};
/* End XCConfigurationList section */
	};
	rootObject = 6CF6654129AF7D3600B6DFB3 /* Project object */;
}
